
Microsoft Visual Studio Solution File, Format Version 12.00
# Visual Studio 15
VisualStudioVersion = 15.0.28307.1082
MinimumVisualStudioVersion = 10.0.40219.1
Project("{FAE04EC0-301F-11D3-BF4B-00C04F79EFBC}") = "Kabaxtor", "Kabaxtor\Kabaxtor.csproj", "{D0F50139-CE87-4AFE-B3E3-025E88135B18}"
EndProject
Global
	GlobalSection(SolutionConfigurationPlatforms) = preSolution
		Debug|Any CPU = Debug|Any CPU
		Release|Any CPU = Release|Any CPU
	EndGlobalSection
	GlobalSection(ProjectConfigurationPlatforms) = postSolution
		{D0F50139-CE87-4AFE-B3E3-025E88135B18}.Debug|Any CPU.ActiveCfg = Debug|Any CPU
		{D0F50139-CE87-4AFE-B3E3-025E88135B18}.Debug|Any CPU.Build.0 = Debug|Any CPU
		{D0F50139-CE87-4AFE-B3E3-025E88135B18}.Release|Any CPU.ActiveCfg = Release|Any CPU
		{D0F50139-CE87-4AFE-B3E3-025E88135B18}.Release|Any CPU.Build.0 = Release|Any CPU
	EndGlobalSection
	GlobalSection(SolutionProperties) = preSolution
		HideSolutionNode = FALSE
	EndGlobalSection
	GlobalSection(ExtensibilityGlobals) = postSolution
		SolutionGuid = {BB84F61D-619D-485B-AD86-2E287F8B4C4E}
	EndGlobalSection
EndGlobal
